// !$*UTF8*$!
{
	archiveVersion = 1;
	classes = {
	};
	objectVersion = 50;
	objects = {

/* Begin PBXBuildFile section */
		9ABE9ABF222ADF6A00306DD5 /* AlbumSDK.framework in Frameworks */ = {isa = PBXBuildFile; fileRef = 9ABE9ABE222ADF6A00306DD5 /* AlbumSDK.framework */; };
		9ABE9AC0222ADF6A00306DD5 /* AlbumSDK.framework in Embed Frameworks */ = {isa = PBXBuildFile; fileRef = 9ABE9ABE222ADF6A00306DD5 /* AlbumSDK.framework */; settings = {ATTRIBUTES = (CodeSignOnCopy, RemoveHeadersOnCopy, ); }; };
		9ABE9AC6222AF37600306DD5 /* AlbumDetailsViewController.swift in Sources */ = {isa = PBXBuildFile; fileRef = 9ABE9AC5222AF37600306DD5 /* AlbumDetailsViewController.swift */; };
		9ABE9AC8222B39A500306DD5 /* UIView+Common.swift in Sources */ = {isa = PBXBuildFile; fileRef = 9ABE9AC7222B39A500306DD5 /* UIView+Common.swift */; };
		9ABE9ACA222B3EED00306DD5 /* UIImageView+Common.swift in Sources */ = {isa = PBXBuildFile; fileRef = 9ABE9AC9222B3EED00306DD5 /* UIImageView+Common.swift */; };
		9ABE9ACC222B4AEA00306DD5 /* BaseViewController.swift in Sources */ = {isa = PBXBuildFile; fileRef = 9ABE9ACB222B4AEA00306DD5 /* BaseViewController.swift */; };
		9ABE9ACE222BEA9000306DD5 /* SearchResultScreen_Test.swift in Sources */ = {isa = PBXBuildFile; fileRef = 9ABE9ACD222BEA9000306DD5 /* SearchResultScreen_Test.swift */; };
		9ABE9AD0222BEBB700306DD5 /* AccessibilityIDs.swift in Sources */ = {isa = PBXBuildFile; fileRef = 9ABE9ACF222BEBB700306DD5 /* AccessibilityIDs.swift */; };
		9ABE9AD1222BEED000306DD5 /* AccessibilityIDs.swift in Sources */ = {isa = PBXBuildFile; fileRef = 9ABE9ACF222BEBB700306DD5 /* AccessibilityIDs.swift */; };
		C9362F952227D7DA002A04A5 /* AppDelegate.swift in Sources */ = {isa = PBXBuildFile; fileRef = C9362F942227D7DA002A04A5 /* AppDelegate.swift */; };
		C9362F972227D7DA002A04A5 /* ViewController.swift in Sources */ = {isa = PBXBuildFile; fileRef = C9362F962227D7DA002A04A5 /* ViewController.swift */; };
		C9362F9A2227D7DA002A04A5 /* Main.storyboard in Resources */ = {isa = PBXBuildFile; fileRef = C9362F982227D7DA002A04A5 /* Main.storyboard */; };
		C9362F9C2227D7DA002A04A5 /* Assets.xcassets in Resources */ = {isa = PBXBuildFile; fileRef = C9362F9B2227D7DA002A04A5 /* Assets.xcassets */; };
		C9362F9F2227D7DA002A04A5 /* LaunchScreen.storyboard in Resources */ = {isa = PBXBuildFile; fileRef = C9362F9D2227D7DA002A04A5 /* LaunchScreen.storyboard */; };
		C9362FAA2227D7DB002A04A5 /* AlbumFinderUITests.swift in Sources */ = {isa = PBXBuildFile; fileRef = C9362FA92227D7DB002A04A5 /* AlbumFinderUITests.swift */; };
/* End PBXBuildFile section */

/* Begin PBXContainerItemProxy section */
		C9362FA62227D7DB002A04A5 /* PBXContainerItemProxy */ = {
			isa = PBXContainerItemProxy;
			containerPortal = C9362F892227D7DA002A04A5 /* Project object */;
			proxyType = 1;
			remoteGlobalIDString = C9362F902227D7DA002A04A5;
			remoteInfo = AlbumFinder;
		};
/* End PBXContainerItemProxy section */

/* Begin PBXCopyFilesBuildPhase section */
		9ABE9ABD222ADF4B00306DD5 /* Embed Frameworks */ = {
			isa = PBXCopyFilesBuildPhase;
			buildActionMask = 2147483647;
			dstPath = "";
			dstSubfolderSpec = 10;
			files = (
				9ABE9AC0222ADF6A00306DD5 /* AlbumSDK.framework in Embed Frameworks */,
			);
			name = "Embed Frameworks";
			runOnlyForDeploymentPostprocessing = 0;
		};
/* End PBXCopyFilesBuildPhase section */

/* Begin PBXFileReference section */
		9ABE9ABE222ADF6A00306DD5 /* AlbumSDK.framework */ = {isa = PBXFileReference; explicitFileType = wrapper.framework; path = AlbumSDK.framework; sourceTree = BUILT_PRODUCTS_DIR; };
		9ABE9AC5222AF37600306DD5 /* AlbumDetailsViewController.swift */ = {isa = PBXFileReference; lastKnownFileType = sourcecode.swift; path = AlbumDetailsViewController.swift; sourceTree = "<group>"; };
		9ABE9AC7222B39A500306DD5 /* UIView+Common.swift */ = {isa = PBXFileReference; lastKnownFileType = sourcecode.swift; path = "UIView+Common.swift"; sourceTree = "<group>"; };
		9ABE9AC9222B3EED00306DD5 /* UIImageView+Common.swift */ = {isa = PBXFileReference; lastKnownFileType = sourcecode.swift; path = "UIImageView+Common.swift"; sourceTree = "<group>"; };
		9ABE9ACB222B4AEA00306DD5 /* BaseViewController.swift */ = {isa = PBXFileReference; lastKnownFileType = sourcecode.swift; path = BaseViewController.swift; sourceTree = "<group>"; };
		9ABE9ACD222BEA9000306DD5 /* SearchResultScreen_Test.swift */ = {isa = PBXFileReference; lastKnownFileType = sourcecode.swift; path = SearchResultScreen_Test.swift; sourceTree = "<group>"; };
		9ABE9ACF222BEBB700306DD5 /* AccessibilityIDs.swift */ = {isa = PBXFileReference; lastKnownFileType = sourcecode.swift; path = AccessibilityIDs.swift; sourceTree = "<group>"; };
		C9362F912227D7DA002A04A5 /* AlbumFinder.app */ = {isa = PBXFileReference; explicitFileType = wrapper.application; includeInIndex = 0; path = AlbumFinder.app; sourceTree = BUILT_PRODUCTS_DIR; };
		C9362F942227D7DA002A04A5 /* AppDelegate.swift */ = {isa = PBXFileReference; lastKnownFileType = sourcecode.swift; path = AppDelegate.swift; sourceTree = "<group>"; };
		C9362F962227D7DA002A04A5 /* ViewController.swift */ = {isa = PBXFileReference; lastKnownFileType = sourcecode.swift; path = ViewController.swift; sourceTree = "<group>"; };
		C9362F992227D7DA002A04A5 /* Base */ = {isa = PBXFileReference; lastKnownFileType = file.storyboard; name = Base; path = Base.lproj/Main.storyboard; sourceTree = "<group>"; };
		C9362F9B2227D7DA002A04A5 /* Assets.xcassets */ = {isa = PBXFileReference; lastKnownFileType = folder.assetcatalog; path = Assets.xcassets; sourceTree = "<group>"; };
		C9362F9E2227D7DA002A04A5 /* Base */ = {isa = PBXFileReference; lastKnownFileType = file.storyboard; name = Base; path = Base.lproj/LaunchScreen.storyboard; sourceTree = "<group>"; };
		C9362FA02227D7DA002A04A5 /* Info.plist */ = {isa = PBXFileReference; lastKnownFileType = text.plist.xml; path = Info.plist; sourceTree = "<group>"; };
		C9362FA52227D7DB002A04A5 /* AlbumFinderUITests.xctest */ = {isa = PBXFileReference; explicitFileType = wrapper.cfbundle; includeInIndex = 0; path = AlbumFinderUITests.xctest; sourceTree = BUILT_PRODUCTS_DIR; };
		C9362FA92227D7DB002A04A5 /* AlbumFinderUITests.swift */ = {isa = PBXFileReference; lastKnownFileType = sourcecode.swift; path = AlbumFinderUITests.swift; sourceTree = "<group>"; };
		C9362FAB2227D7DB002A04A5 /* Info.plist */ = {isa = PBXFileReference; lastKnownFileType = text.plist.xml; path = Info.plist; sourceTree = "<group>"; };
		C9362FB52227D83C002A04A5 /* AlbumSDK.framework */ = {isa = PBXFileReference; explicitFileType = wrapper.framework; path = AlbumSDK.framework; sourceTree = BUILT_PRODUCTS_DIR; };
/* End PBXFileReference section */

/* Begin PBXFrameworksBuildPhase section */
		C9362F8E2227D7DA002A04A5 /* Frameworks */ = {
			isa = PBXFrameworksBuildPhase;
			buildActionMask = 2147483647;
			files = (
				9ABE9ABF222ADF6A00306DD5 /* AlbumSDK.framework in Frameworks */,
			);
			runOnlyForDeploymentPostprocessing = 0;
		};
		C9362FA22227D7DB002A04A5 /* Frameworks */ = {
			isa = PBXFrameworksBuildPhase;
			buildActionMask = 2147483647;
			files = (
			);
			runOnlyForDeploymentPostprocessing = 0;
		};
/* End PBXFrameworksBuildPhase section */

/* Begin PBXGroup section */
		9ABE9AC1222AEADB00306DD5 /* Views */ = {
			isa = PBXGroup;
			children = (
				9ABE9AC7222B39A500306DD5 /* UIView+Common.swift */,
				9ABE9AC9222B3EED00306DD5 /* UIImageView+Common.swift */,
				9ABE9ACF222BEBB700306DD5 /* AccessibilityIDs.swift */,
			);
			path = Views;
			sourceTree = "<group>";
		};
		9ABE9AC2222AEAE600306DD5 /* ViewControllers */ = {
			isa = PBXGroup;
			children = (
				C9362F962227D7DA002A04A5 /* ViewController.swift */,
				9ABE9AC5222AF37600306DD5 /* AlbumDetailsViewController.swift */,
				9ABE9ACB222B4AEA00306DD5 /* BaseViewController.swift */,
			);
			path = ViewControllers;
			sourceTree = "<group>";
		};
		9ABE9AC3222AEAF100306DD5 /* App */ = {
			isa = PBXGroup;
			children = (
				C9362F942227D7DA002A04A5 /* AppDelegate.swift */,
			);
			path = App;
			sourceTree = "<group>";
		};
		9ABE9AC4222AEB0000306DD5 /* Resources */ = {
			isa = PBXGroup;
			children = (
				C9362F982227D7DA002A04A5 /* Main.storyboard */,
				C9362F9B2227D7DA002A04A5 /* Assets.xcassets */,
				C9362F9D2227D7DA002A04A5 /* LaunchScreen.storyboard */,
			);
			path = Resources;
			sourceTree = "<group>";
		};
		C9362F882227D7DA002A04A5 = {
			isa = PBXGroup;
			children = (
				9ABE9ABE222ADF6A00306DD5 /* AlbumSDK.framework */,
				C9362F932227D7DA002A04A5 /* AlbumFinder */,
				C9362FA82227D7DB002A04A5 /* AlbumFinderUITests */,
				C9362F922227D7DA002A04A5 /* Products */,
				C9362FB42227D83C002A04A5 /* Frameworks */,
			);
			sourceTree = "<group>";
		};
		C9362F922227D7DA002A04A5 /* Products */ = {
			isa = PBXGroup;
			children = (
				C9362F912227D7DA002A04A5 /* AlbumFinder.app */,
				C9362FA52227D7DB002A04A5 /* AlbumFinderUITests.xctest */,
			);
			name = Products;
			sourceTree = "<group>";
		};
		C9362F932227D7DA002A04A5 /* AlbumFinder */ = {
			isa = PBXGroup;
			children = (
				C9362FA02227D7DA002A04A5 /* Info.plist */,
				9ABE9AC4222AEB0000306DD5 /* Resources */,
				9ABE9AC3222AEAF100306DD5 /* App */,
				9ABE9AC2222AEAE600306DD5 /* ViewControllers */,
				9ABE9AC1222AEADB00306DD5 /* Views */,
			);
			path = AlbumFinder;
			sourceTree = "<group>";
		};
		C9362FA82227D7DB002A04A5 /* AlbumFinderUITests */ = {
			isa = PBXGroup;
			children = (
				C9362FA92227D7DB002A04A5 /* AlbumFinderUITests.swift */,
				9ABE9ACD222BEA9000306DD5 /* SearchResultScreen_Test.swift */,
				C9362FAB2227D7DB002A04A5 /* Info.plist */,
			);
			path = AlbumFinderUITests;
			sourceTree = "<group>";
		};
		C9362FB42227D83C002A04A5 /* Frameworks */ = {
			isa = PBXGroup;
			children = (
				C9362FB52227D83C002A04A5 /* AlbumSDK.framework */,
			);
			name = Frameworks;
			sourceTree = "<group>";
		};
/* End PBXGroup section */

/* Begin PBXNativeTarget section */
		C9362F902227D7DA002A04A5 /* AlbumFinder */ = {
			isa = PBXNativeTarget;
			buildConfigurationList = C9362FAE2227D7DB002A04A5 /* Build configuration list for PBXNativeTarget "AlbumFinder" */;
			buildPhases = (
				C9362F8D2227D7DA002A04A5 /* Sources */,
				C9362F8E2227D7DA002A04A5 /* Frameworks */,
				C9362F8F2227D7DA002A04A5 /* Resources */,
				9ABE9ABD222ADF4B00306DD5 /* Embed Frameworks */,
			);
			buildRules = (
			);
			dependencies = (
			);
			name = AlbumFinder;
			productName = AlbumFinder;
			productReference = C9362F912227D7DA002A04A5 /* AlbumFinder.app */;
			productType = "com.apple.product-type.application";
		};
		C9362FA42227D7DB002A04A5 /* AlbumFinderUITests */ = {
			isa = PBXNativeTarget;
			buildConfigurationList = C9362FB12227D7DB002A04A5 /* Build configuration list for PBXNativeTarget "AlbumFinderUITests" */;
			buildPhases = (
				C9362FA12227D7DB002A04A5 /* Sources */,
				C9362FA22227D7DB002A04A5 /* Frameworks */,
				C9362FA32227D7DB002A04A5 /* Resources */,
			);
			buildRules = (
			);
			dependencies = (
				C9362FA72227D7DB002A04A5 /* PBXTargetDependency */,
			);
			name = AlbumFinderUITests;
			productName = AlbumFinderUITests;
			productReference = C9362FA52227D7DB002A04A5 /* AlbumFinderUITests.xctest */;
			productType = "com.apple.product-type.bundle.ui-testing";
		};
/* End PBXNativeTarget section */

/* Begin PBXProject section */
		C9362F892227D7DA002A04A5 /* Project object */ = {
			isa = PBXProject;
			attributes = {
				LastSwiftUpdateCheck = 1010;
				LastUpgradeCheck = 1010;
				ORGANIZATIONNAME = "Xing Liu";
				TargetAttributes = {
					C9362F902227D7DA002A04A5 = {
						CreatedOnToolsVersion = 10.1;
					};
					C9362FA42227D7DB002A04A5 = {
						CreatedOnToolsVersion = 10.1;
						TestTargetID = C9362F902227D7DA002A04A5;
					};
				};
			};
			buildConfigurationList = C9362F8C2227D7DA002A04A5 /* Build configuration list for PBXProject "AlbumFinder" */;
			compatibilityVersion = "Xcode 9.3";
			developmentRegion = en;
			hasScannedForEncodings = 0;
			knownRegions = (
				en,
				Base,
			);
			mainGroup = C9362F882227D7DA002A04A5;
			productRefGroup = C9362F922227D7DA002A04A5 /* Products */;
			projectDirPath = "";
			projectRoot = "";
			targets = (
				C9362F902227D7DA002A04A5 /* AlbumFinder */,
				C9362FA42227D7DB002A04A5 /* AlbumFinderUITests */,
			);
		};
/* End PBXProject section */

/* Begin PBXResourcesBuildPhase section */
		C9362F8F2227D7DA002A04A5 /* Resources */ = {
			isa = PBXResourcesBuildPhase;
			buildActionMask = 2147483647;
			files = (
				C9362F9F2227D7DA002A04A5 /* LaunchScreen.storyboard in Resources */,
				C9362F9C2227D7DA002A04A5 /* Assets.xcassets in Resources */,
				C9362F9A2227D7DA002A04A5 /* Main.storyboard in Resources */,
			);
			runOnlyForDeploymentPostprocessing = 0;
		};
		C9362FA32227D7DB002A04A5 /* Resources */ = {
			isa = PBXResourcesBuildPhase;
			buildActionMask = 2147483647;
			files = (
			);
			runOnlyForDeploymentPostprocessing = 0;
		};
/* End PBXResourcesBuildPhase section */

/* Begin PBXSourcesBuildPhase section */
		C9362F8D2227D7DA002A04A5 /* Sources */ = {
			isa = PBXSourcesBuildPhase;
			buildActionMask = 2147483647;
			files = (
				9ABE9ACA222B3EED00306DD5 /* UIImageView+Common.swift in Sources */,
				9ABE9AD0222BEBB700306DD5 /* AccessibilityIDs.swift in Sources */,
				C9362F972227D7DA002A04A5 /* ViewController.swift in Sources */,
				9ABE9AC6222AF37600306DD5 /* AlbumDetailsViewController.swift in Sources */,
				C9362F952227D7DA002A04A5 /* AppDelegate.swift in Sources */,
				9ABE9AC8222B39A500306DD5 /* UIView+Common.swift in Sources */,
				9ABE9ACC222B4AEA00306DD5 /* BaseViewController.swift in Sources */,
			);
			runOnlyForDeploymentPostprocessing = 0;
		};
		C9362FA12227D7DB002A04A5 /* Sources */ = {
			isa = PBXSourcesBuildPhase;
			buildActionMask = 2147483647;
			files = (
				9ABE9ACE222BEA9000306DD5 /* SearchResultScreen_Test.swift in Sources */,
				C9362FAA2227D7DB002A04A5 /* AlbumFinderUITests.swift in Sources */,
				9ABE9AD1222BEED000306DD5 /* AccessibilityIDs.swift in Sources */,
			);
			runOnlyForDeploymentPostprocessing = 0;
		};
/* End PBXSourcesBuildPhase section */

/* Begin PBXTargetDependency section */
		C9362FA72227D7DB002A04A5 /* PBXTargetDependency */ = {
			isa = PBXTargetDependency;
			target = C9362F902227D7DA002A04A5 /* AlbumFinder */;
			targetProxy = C9362FA62227D7DB002A04A5 /* PBXContainerItemProxy */;
		};
/* End PBXTargetDependency section */

/* Begin PBXVariantGroup section */
		C9362F982227D7DA002A04A5 /* Main.storyboard */ = {
			isa = PBXVariantGroup;
			children = (
				C9362F992227D7DA002A04A5 /* Base */,
			);
			name = Main.storyboard;
			sourceTree = "<group>";
		};
		C9362F9D2227D7DA002A04A5 /* LaunchScreen.storyboard */ = {
			isa = PBXVariantGroup;
			children = (
				C9362F9E2227D7DA002A04A5 /* Base */,
			);
			name = LaunchScreen.storyboard;
			sourceTree = "<group>";
		};
/* End PBXVariantGroup section */

/* Begin XCBuildConfiguration section */
		C9362FAC2227D7DB002A04A5 /* Debug */ = {
			isa = XCBuildConfiguration;
			buildSettings = {
				ALWAYS_SEARCH_USER_PATHS = NO;
				CLANG_ANALYZER_NONNULL = YES;
				CLANG_ANALYZER_NUMBER_OBJECT_CONVERSION = YES_AGGRESSIVE;
				CLANG_CXX_LANGUAGE_STANDARD = "gnu++14";
				CLANG_CXX_LIBRARY = "libc++";
				CLANG_ENABLE_MODULES = YES;
				CLANG_ENABLE_OBJC_ARC = YES;
				CLANG_ENABLE_OBJC_WEAK = YES;
				CLANG_WARN_BLOCK_CAPTURE_AUTORELEASING = YES;
				CLANG_WARN_BOOL_CONVERSION = YES;
				CLANG_WARN_COMMA = YES;
				CLANG_WARN_CONSTANT_CONVERSION = YES;
				CLANG_WARN_DEPRECATED_OBJC_IMPLEMENTATIONS = YES;
				CLANG_WARN_DIRECT_OBJC_ISA_USAGE = YES_ERROR;
				CLANG_WARN_DOCUMENTATION_COMMENTS = YES;
				CLANG_WARN_EMPTY_BODY = YES;
				CLANG_WARN_ENUM_CONVERSION = YES;
				CLANG_WARN_INFINITE_RECURSION = YES;
				CLANG_WARN_INT_CONVERSION = YES;
				CLANG_WARN_NON_LITERAL_NULL_CONVERSION = YES;
				CLANG_WARN_OBJC_IMPLICIT_RETAIN_SELF = YES;
				CLANG_WARN_OBJC_LITERAL_CONVERSION = YES;
				CLANG_WARN_OBJC_ROOT_CLASS = YES_ERROR;
				CLANG_WARN_RANGE_LOOP_ANALYSIS = YES;
				CLANG_WARN_STRICT_PROTOTYPES = YES;
				CLANG_WARN_SUSPICIOUS_MOVE = YES;
				CLANG_WARN_UNGUARDED_AVAILABILITY = YES_AGGRESSIVE;
				CLANG_WARN_UNREACHABLE_CODE = YES;
				CLANG_WARN__DUPLICATE_METHOD_MATCH = YES;
				CODE_SIGN_IDENTITY = "iPhone Developer";
				COPY_PHASE_STRIP = NO;
				DEBUG_INFORMATION_FORMAT = dwarf;
				ENABLE_STRICT_OBJC_MSGSEND = YES;
				ENABLE_TESTABILITY = YES;
				GCC_C_LANGUAGE_STANDARD = gnu11;
				GCC_DYNAMIC_NO_PIC = NO;
				GCC_NO_COMMON_BLOCKS = YES;
				GCC_OPTIMIZATION_LEVEL = 0;
				GCC_PREPROCESSOR_DEFINITIONS = (
					"DEBUG=1",
					"$(inherited)",
				);
				GCC_WARN_64_TO_32_BIT_CONVERSION = YES;
				GCC_WARN_ABOUT_RETURN_TYPE = YES_ERROR;
				GCC_WARN_UNDECLARED_SELECTOR = YES;
				GCC_WARN_UNINITIALIZED_AUTOS = YES_AGGRESSIVE;
				GCC_WARN_UNUSED_FUNCTION = YES;
				GCC_WARN_UNUSED_VARIABLE = YES;
				IPHONEOS_DEPLOYMENT_TARGET = 12.1;
				MTL_ENABLE_DEBUG_INFO = INCLUDE_SOURCE;
				MTL_FAST_MATH = YES;
				ONLY_ACTIVE_ARCH = YES;
				SDKROOT = iphoneos;
				SWIFT_ACTIVE_COMPILATION_CONDITIONS = DEBUG;
				SWIFT_OPTIMIZATION_LEVEL = "-Onone";
			};
			name = Debug;
		};
		C9362FAD2227D7DB002A04A5 /* Release */ = {
			isa = XCBuildConfiguration;
			buildSettings = {
				ALWAYS_SEARCH_USER_PATHS = NO;
				CLANG_ANALYZER_NONNULL = YES;
				CLANG_ANALYZER_NUMBER_OBJECT_CONVERSION = YES_AGGRESSIVE;
				CLANG_CXX_LANGUAGE_STANDARD = "gnu++14";
				CLANG_CXX_LIBRARY = "libc++";
				CLANG_ENABLE_MODULES = YES;
				CLANG_ENABLE_OBJC_ARC = YES;
				CLANG_ENABLE_OBJC_WEAK = YES;
				CLANG_WARN_BLOCK_CAPTURE_AUTORELEASING = YES;
				CLANG_WARN_BOOL_CONVERSION = YES;
				CLANG_WARN_COMMA = YES;
				CLANG_WARN_CONSTANT_CONVERSION = YES;
				CLANG_WARN_DEPRECATED_OBJC_IMPLEMENTATIONS = YES;
				CLANG_WARN_DIRECT_OBJC_ISA_USAGE = YES_ERROR;
				CLANG_WARN_DOCUMENTATION_COMMENTS = YES;
				CLANG_WARN_EMPTY_BODY = YES;
				CLANG_WARN_ENUM_CONVERSION = YES;
				CLANG_WARN_INFINITE_RECURSION = YES;
				CLANG_WARN_INT_CONVERSION = YES;
				CLANG_WARN_NON_LITERAL_NULL_CONVERSION = YES;
				CLANG_WARN_OBJC_IMPLICIT_RETAIN_SELF = YES;
				CLANG_WARN_OBJC_LITERAL_CONVERSION = YES;
				CLANG_WARN_OBJC_ROOT_CLASS = YES_ERROR;
				CLANG_WARN_RANGE_LOOP_ANALYSIS = YES;
				CLANG_WARN_STRICT_PROTOTYPES = YES;
				CLANG_WARN_SUSPICIOUS_MOVE = YES;
				CLANG_WARN_UNGUARDED_AVAILABILITY = YES_AGGRESSIVE;
				CLANG_WARN_UNREACHABLE_CODE = YES;
				CLANG_WARN__DUPLICATE_METHOD_MATCH = YES;
				CODE_SIGN_IDENTITY = "iPhone Developer";
				COPY_PHASE_STRIP = NO;
				DEBUG_INFORMATION_FORMAT = "dwarf-with-dsym";
				ENABLE_NS_ASSERTIONS = NO;
				ENABLE_STRICT_OBJC_MSGSEND = YES;
				GCC_C_LANGUAGE_STANDARD = gnu11;
				GCC_NO_COMMON_BLOCKS = YES;
				GCC_WARN_64_TO_32_BIT_CONVERSION = YES;
				GCC_WARN_ABOUT_RETURN_TYPE = YES_ERROR;
				GCC_WARN_UNDECLARED_SELECTOR = YES;
				GCC_WARN_UNINITIALIZED_AUTOS = YES_AGGRESSIVE;
				GCC_WARN_UNUSED_FUNCTION = YES;
				GCC_WARN_UNUSED_VARIABLE = YES;
				IPHONEOS_DEPLOYMENT_TARGET = 12.1;
				MTL_ENABLE_DEBUG_INFO = NO;
				MTL_FAST_MATH = YES;
				SDKROOT = iphoneos;
				SWIFT_COMPILATION_MODE = wholemodule;
				SWIFT_OPTIMIZATION_LEVEL = "-O";
				VALIDATE_PRODUCT = YES;
			};
			name = Release;
		};
		C9362FAF2227D7DB002A04A5 /* Debug */ = {
			isa = XCBuildConfiguration;
			buildSettings = {
				ASSETCATALOG_COMPILER_APPICON_NAME = AppIcon;
				CODE_SIGN_STYLE = Manual;
				DEVELOPMENT_TEAM = "";
				INFOPLIST_FILE = AlbumFinder/Info.plist;
				LD_RUNPATH_SEARCH_PATHS = (
					"$(inherited)",
					"@executable_path/Frameworks",
				);
				PRODUCT_BUNDLE_IDENTIFIER = com.xing.liu.AlbumFinder;
				PRODUCT_NAME = "$(TARGET_NAME)";
				PROVISIONING_PROFILE_SPECIFIER = "";
				SWIFT_VERSION = 4.2;
				TARGETED_DEVICE_FAMILY = "1,2";
			};
			name = Debug;
		};
		C9362FB02227D7DB002A04A5 /* Release */ = {
			isa = XCBuildConfiguration;
			buildSettings = {
				ASSETCATALOG_COMPILER_APPICON_NAME = AppIcon;
				CODE_SIGN_STYLE = Manual;
				DEVELOPMENT_TEAM = "";
				INFOPLIST_FILE = AlbumFinder/Info.plist;
				LD_RUNPATH_SEARCH_PATHS = (
					"$(inherited)",
					"@executable_path/Frameworks",
				);
				PRODUCT_BUNDLE_IDENTIFIER = com.xing.liu.AlbumFinder;
				PRODUCT_NAME = "$(TARGET_NAME)";
				PROVISIONING_PROFILE_SPECIFIER = "";
				SWIFT_VERSION = 4.2;
				TARGETED_DEVICE_FAMILY = "1,2";
			};
			name = Release;
		};
		C9362FB22227D7DB002A04A5 /* Debug */ = {
			isa = XCBuildConfiguration;
			buildSettings = {
				ALWAYS_EMBED_SWIFT_STANDARD_LIBRARIES = YES;
				CODE_SIGN_STYLE = Automatic;
				INFOPLIST_FILE = AlbumFinderUITests/Info.plist;
				LD_RUNPATH_SEARCH_PATHS = (
					"$(inherited)",
					"@executable_path/Frameworks",
					"@loader_path/Frameworks",
				);
				PRODUCT_BUNDLE_IDENTIFIER = com.xing.liu.AlbumFinderUITests;
				PRODUCT_NAME = "$(TARGET_NAME)";
				SWIFT_VERSION = 4.2;
				TARGETED_DEVICE_FAMILY = "1,2";
				TEST_TARGET_NAME = AlbumFinder;
			};
			name = Debug;
		};
		C9362FB32227D7DB002A04A5 /* Release */ = {
			isa = XCBuildConfiguration;
			buildSettings = {
				ALWAYS_EMBED_SWIFT_STANDARD_LIBRARIES = YES;
				CODE_SIGN_STYLE = Automatic;
				INFOPLIST_FILE = AlbumFinderUITests/Info.plist;
				LD_RUNPATH_SEARCH_PATHS = (
					"$(inherited)",
					"@executable_path/Frameworks",
					"@loader_path/Frameworks",
				);
				PRODUCT_BUNDLE_IDENTIFIER = com.xing.liu.AlbumFinderUITests;
				PRODUCT_NAME = "$(TARGET_NAME)";
				SWIFT_VERSION = 4.2;
				TARGETED_DEVICE_FAMILY = "1,2";
				TEST_TARGET_NAME = AlbumFinder;
			};
			name = Release;
		};
/* End XCBuildConfiguration section */

/* Begin XCConfigurationList section */
		C9362F8C2227D7DA002A04A5 /* Build configuration list for PBXProject "AlbumFinder" */ = {
			isa = XCConfigurationList;
			buildConfigurations = (
				C9362FAC2227D7DB002A04A5 /* Debug */,
				C9362FAD2227D7DB002A04A5 /* Release */,
			);
			defaultConfigurationIsVisible = 0;
			defaultConfigurationName = Release;
		};
		C9362FAE2227D7DB002A04A5 /* Build configuration list for PBXNativeTarget "AlbumFinder" */ = {
			isa = XCConfigurationList;
			buildConfigurations = (
				C9362FAF2227D7DB002A04A5 /* Debug */,
				C9362FB02227D7DB002A04A5 /* Release */,
			);
			defaultConfigurationIsVisible = 0;
			defaultConfigurationName = Release;
		};
		C9362FB12227D7DB002A04A5 /* Build configuration list for PBXNativeTarget "AlbumFinderUITests" */ = {
			isa = XCConfigurationList;
			buildConfigurations = (
				C9362FB22227D7DB002A04A5 /* Debug */,
				C9362FB32227D7DB002A04A5 /* Release */,
			);
			defaultConfigurationIsVisible = 0;
			defaultConfigurationName = Release;
		};
/* End XCConfigurationList section */
	};
	rootObject = C9362F892227D7DA002A04A5 /* Project object */;
}
